
Microsoft Visual Studio Solution File, Format Version 12.00
# Visual Studio Version 17
VisualStudioVersion = 17.14.36429.23
MinimumVisualStudioVersion = 10.0.40219.1
Project("{8BC9CEB8-8B4A-11D0-8D11-00A0C91BC942}") = "Bitmap", "Bitmap\Bitmap.vcxproj", "{C3CC8412-C010-4F75-A08A-02A5C822C89A}"
EndProject
Global
	GlobalSection(SolutionConfigurationPlatforms) = preSolution
		Debug|x64 = Debug|x64
		Debug|x86 = Debug|x86
		Release|x64 = Release|x64
		Release|x86 = Release|x86
	EndGlobalSection
	GlobalSection(ProjectConfigurationPlatforms) = postSolution
		{C3CC8412-C010-4F75-A08A-02A5C822C89A}.Debug|x64.ActiveCfg = Debug|x64
		{C3CC8412-C010-4F75-A08A-02A5C822C89A}.Debug|x64.Build.0 = Debug|x64
		{C3CC8412-C010-4F75-A08A-02A5C822C89A}.Debug|x86.ActiveCfg = Debug|Win32
		{C3CC8412-C010-4F75-A08A-02A5C822C89A}.Debug|x86.Build.0 = Debug|Win32
		{C3CC8412-C010-4F75-A08A-02A5C822C89A}.Release|x64.ActiveCfg = Release|x64
		{C3CC8412-C010-4F75-A08A-02A5C822C89A}.Release|x64.Build.0 = Release|x64
		{C3CC8412-C010-4F75-A08A-02A5C822C89A}.Release|x86.ActiveCfg = Release|Win32
		{C3CC8412-C010-4F75-A08A-02A5C822C89A}.Release|x86.Build.0 = Release|Win32
	EndGlobalSection
	GlobalSection(SolutionProperties) = preSolution
		HideSolutionNode = FALSE
	EndGlobalSection
	GlobalSection(ExtensibilityGlobals) = postSolution
		SolutionGuid = {42C10969-7967-4A38-8B85-FC3E727E1834}
	EndGlobalSection
EndGlobal
